
Microsoft Visual Studio Solution File, Format Version 12.00
# Visual Studio Version 17
VisualStudioVersion = 17.2.32505.173
MinimumVisualStudioVersion = 10.0.40219.1
Project("{FAE04EC0-301F-11D3-BF4B-00C04F79EFBC}") = "1009", "1009\1009.csproj", "{8485C3EE-7A58-4842-96DE-84EDE78E2B19}"
EndProject
Project("{FAE04EC0-301F-11D3-BF4B-00C04F79EFBC}") = "1010", "1010\1010.csproj", "{720CB1F5-3DA1-4A78-BD60-0B801D8A1C38}"
EndProject
Global
	GlobalSection(SolutionConfigurationPlatforms) = preSolution
		Debug|Any CPU = Debug|Any CPU
		Release|Any CPU = Release|Any CPU
	EndGlobalSection
	GlobalSection(ProjectConfigurationPlatforms) = postSolution
		{8485C3EE-7A58-4842-96DE-84EDE78E2B19}.Debug|Any CPU.ActiveCfg = Debug|Any CPU
		{8485C3EE-7A58-4842-96DE-84EDE78E2B19}.Debug|Any CPU.Build.0 = Debug|Any CPU
		{8485C3EE-7A58-4842-96DE-84EDE78E2B19}.Release|Any CPU.ActiveCfg = Release|Any CPU
		{8485C3EE-7A58-4842-96DE-84EDE78E2B19}.Release|Any CPU.Build.0 = Release|Any CPU
		{720CB1F5-3DA1-4A78-BD60-0B801D8A1C38}.Debug|Any CPU.ActiveCfg = Debug|Any CPU
		{720CB1F5-3DA1-4A78-BD60-0B801D8A1C38}.Debug|Any CPU.Build.0 = Debug|Any CPU
		{720CB1F5-3DA1-4A78-BD60-0B801D8A1C38}.Release|Any CPU.ActiveCfg = Release|Any CPU
		{720CB1F5-3DA1-4A78-BD60-0B801D8A1C38}.Release|Any CPU.Build.0 = Release|Any CPU
	EndGlobalSection
	GlobalSection(SolutionProperties) = preSolution
		HideSolutionNode = FALSE
	EndGlobalSection
	GlobalSection(ExtensibilityGlobals) = postSolution
		SolutionGuid = {EA943A72-6759-487D-B942-B10BCF264E09}
	EndGlobalSection
EndGlobal
